
Microsoft Visual Studio Solution File, Format Version 12.00
# Visual Studio 2013
VisualStudioVersion = 12.0.21005.1
MinimumVisualStudioVersion = 10.0.40219.1
Project("{FAE04EC0-301F-11D3-BF4B-00C04F79EFBC}") = "ASI.PCL", "ASI.PCL/ASI.PCL.csproj", "{1da5d8b1-eeea-460f-87b1-55ad91901553}"
EndProject
Project("{FAE04EC0-301F-11D3-BF4B-00C04F79EFBC}") = "ASI.Tests", "ASI.Tests/ASI.Tests.csproj", "{86e5f3be-1480-4a2a-9ffe-01c98b5fadee}"
EndProject
Global
    GlobalSection(SolutionConfigurationPlatforms) = preSolution
        Debug|Any CPU = Debug|Any CPU
        Release|Any CPU = Release|Any CPU
    EndGlobalSection
    GlobalSection(ProjectConfigurationPlatforms) = postSolution
        {1da5d8b1-eeea-460f-87b1-55ad91901553}.Debug|Any CPU.ActiveCfg = Debug|Any CPU
        {1da5d8b1-eeea-460f-87b1-55ad91901553}.Debug|Any CPU.Build.0 = Debug|Any CPU
        {1da5d8b1-eeea-460f-87b1-55ad91901553}.Release|Any CPU.ActiveCfg = Release|Any CPU
        {1da5d8b1-eeea-460f-87b1-55ad91901553}.Release|Any CPU.Build.0 = Release|Any CPU
        {86e5f3be-1480-4a2a-9ffe-01c98b5fadee}.Debug|Any CPU.ActiveCfg = Debug|Any CPU
        {86e5f3be-1480-4a2a-9ffe-01c98b5fadee}.Debug|Any CPU.Build.0 = Debug|Any CPU
        {86e5f3be-1480-4a2a-9ffe-01c98b5fadee}.Release|Any CPU.ActiveCfg = Release|Any CPU
        {86e5f3be-1480-4a2a-9ffe-01c98b5fadee}.Release|Any CPU.Build.0 = Release|Any CPU
    EndGlobalSection
    GlobalSection(SolutionProperties) = preSolution
        HideSolutionNode = FALSE
    EndGlobalSection
EndGlobal
